
Microsoft Visual Studio Solution File, Format Version 12.00
# Visual Studio Version 17
VisualStudioVersion = 17.3.32901.215
MinimumVisualStudioVersion = 10.0.40219.1
Project("{FAE04EC0-301F-11D3-BF4B-00C04F79EFBC}") = "PasswordProtectedPdf", "PasswordProtectedPdf\PasswordProtectedPdf.csproj", "{A01992A7-561D-498C-AD9B-D213664E4080}"
EndProject
Global
	GlobalSection(SolutionConfigurationPlatforms) = preSolution
		Debug|Any CPU = Debug|Any CPU
		Release|Any CPU = Release|Any CPU
	EndGlobalSection
	GlobalSection(ProjectConfigurationPlatforms) = postSolution
		{A01992A7-561D-498C-AD9B-D213664E4080}.Debug|Any CPU.ActiveCfg = Debug|Any CPU
		{A01992A7-561D-498C-AD9B-D213664E4080}.Debug|Any CPU.Build.0 = Debug|Any CPU
		{A01992A7-561D-498C-AD9B-D213664E4080}.Release|Any CPU.ActiveCfg = Release|Any CPU
		{A01992A7-561D-498C-AD9B-D213664E4080}.Release|Any CPU.Build.0 = Release|Any CPU
	EndGlobalSection
	GlobalSection(SolutionProperties) = preSolution
		HideSolutionNode = FALSE
	EndGlobalSection
	GlobalSection(ExtensibilityGlobals) = postSolution
		SolutionGuid = {A31F093B-EAB1-4369-8F29-41A595987788}
	EndGlobalSection
EndGlobal
